<?xml version="1.0" encoding="utf-8"?>
<Project ToolsVersion="4.0" xmlns="http://schemas.microsoft.com/developer/msbuild/2003">
  <ItemGroup>
    <Filter Include="Source Files">
      <UniqueIdentifier>{4FC737F1-C7A5-4376-A066-2A32D752A2FF}</UniqueIdentifier>
      <Extensions>cpp;c;cc;cxx;c++;cppm;ixx;def;odl;idl;hpj;bat;asm;asmx</Extensions>
    </Filter>
    <Filter Include="Header Files">
      <UniqueIdentifier>{93995380-89BD-4b04-88EB-625FBE52EBFB}</UniqueIdentifier>
      <Extensions>h;hh;hpp;hxx;h++;hm;inl;inc;ipp;xsd</Extensions>
    </Filter>
    <Filter Include="Resource Files">
      <UniqueIdentifier>{67DA6AB6-F800-4c08-8B7A-83BB121AAD01}</UniqueIdentifier>
      <Extensions>rc;ico;cur;bmp;dlg;rc2;rct;bin;rgs;gif;jpg;jpeg;jpe;resx;tiff;tif;png;wav;mfcribbon-ms</Extensions>
    </Filter>
  </ItemGroup>
  <ItemGroup>
    <ClCompile Include="13-1.cpp">
      <Filter>Source Files</Filter>
    </ClCompile>
    <ClCompile Include="Rectangle.cpp">
      <Filter>Source Files</Filter>
    </ClCompile>
    <ClCompile Include="13-5.cpp">
      <Filter>Source Files</Filter>
    </ClCompile>
    <ClCompile Include="rectangle2.cpp">
      <Filter>Source Files</Filter>
    </ClCompile>
    <ClCompile Include="13-7.cpp">
      <Filter>Source Files</Filter>
    </ClCompile>
    <ClCompile Include="13-7-1.cpp">
      <Filter>Source Files</Filter>
    </ClCompile>
    <ClCompile Include="rectangle4.cpp">
      <Filter>Source Files</Filter>
    </ClCompile>
    <ClCompile Include="13-8.cpp">
      <Filter>Source Files</Filter>
    </ClCompile>
    <ClCompile Include="13-9.cpp">
      <Filter>Source Files</Filter>
    </ClCompile>
    <ClCompile Include="13-10.cpp">
      <Filter>Source Files</Filter>
    </ClCompile>
    <ClCompile Include="13-11.cpp">
      <Filter>Source Files</Filter>
    </ClCompile>
    <ClCompile Include="13-12.cpp">
      <Filter>Source Files</Filter>
    </ClCompile>
    <ClCompile Include="13-13.cpp">
      <Filter>Source Files</Filter>
    </ClCompile>
    <ClCompile Include="13-12-1.cpp">
      <Filter>Source Files</Filter>
    </ClCompile>
    <ClCompile Include="13-14.cpp">
      <Filter>Source Files</Filter>
    </ClCompile>
    <ClCompile Include="Account.cpp">
      <Filter>Source Files</Filter>
    </ClCompile>
    <ClCompile Include="13-15.cpp">
      <Filter>Source Files</Filter>
    </ClCompile>
    <ClCompile Include="die.cpp">
      <Filter>Source Files</Filter>
    </ClCompile>
    <ClCompile Include="13-16.cpp">
      <Filter>Source Files</Filter>
    </ClCompile>
    <ClCompile Include="IntegerList.cpp">
      <Filter>Source Files</Filter>
    </ClCompile>
    <ClCompile Include="13-17.cpp">
      <Filter>Source Files</Filter>
    </ClCompile>
    <ClCompile Include="date.cpp">
      <Filter>Source Files</Filter>
    </ClCompile>
    <ClCompile Include="date_test.cpp">
      <Filter>Source Files</Filter>
    </ClCompile>
    <ClCompile Include="employee.cpp">
      <Filter>Source Files</Filter>
    </ClCompile>
    <ClCompile Include="car.cpp">
      <Filter>Source Files</Filter>
    </ClCompile>
    <ClCompile Include="psi.cpp">
      <Filter>Source Files</Filter>
    </ClCompile>
    <ClCompile Include="inventory.cpp">
      <Filter>Source Files</Filter>
    </ClCompile>
    <ClCompile Include="inventory_driver.cpp">
      <Filter>Source Files</Filter>
    </ClCompile>
    <ClCompile Include="circle_driver.cpp">
      <Filter>Source Files</Filter>
    </ClCompile>
    <ClCompile Include="population.cpp">
      <Filter>Source Files</Filter>
    </ClCompile>
    <ClCompile Include="population_driver.cpp">
      <Filter>Source Files</Filter>
    </ClCompile>
    <ClCompile Include="numberArray.cpp">
      <Filter>Source Files</Filter>
    </ClCompile>
    <ClCompile Include="number_driver.cpp">
      <Filter>Source Files</Filter>
    </ClCompile>
    <ClCompile Include="lucky.cpp">
      <Filter>Source Files</Filter>
    </ClCompile>
    <ClCompile Include="circle_driver2.cpp">
      <Filter>Source Files</Filter>
    </ClCompile>
    <ClCompile Include="nac.cpp">
      <Filter>Source Files</Filter>
    </ClCompile>
  </ItemGroup>
  <ItemGroup>
    <ClInclude Include="Rectangle.h">
      <Filter>Source Files</Filter>
    </ClInclude>
    <ClInclude Include="rectangle2.h">
      <Filter>Source Files</Filter>
    </ClInclude>
    <ClInclude Include="rectangle4.h">
      <Filter>Source Files</Filter>
    </ClInclude>
    <ClInclude Include="sale.h">
      <Filter>Source Files</Filter>
    </ClInclude>
    <ClInclude Include="sale2.h">
      <Filter>Source Files</Filter>
    </ClInclude>
    <ClInclude Include="contactInfo.h">
      <Filter>Source Files</Filter>
    </ClInclude>
    <ClInclude Include="InventoryItem.h">
      <Filter>Source Files</Filter>
    </ClInclude>
    <ClInclude Include="contanctinfo2.h">
      <Filter>Source Files</Filter>
    </ClInclude>
    <ClInclude Include="Account.h">
      <Filter>Source Files</Filter>
    </ClInclude>
    <ClInclude Include="die.h">
      <Filter>Source Files</Filter>
    </ClInclude>
    <ClInclude Include="IntegerList.h">
      <Filter>Source Files</Filter>
    </ClInclude>
    <ClInclude Include="date.h">
      <Filter>Source Files</Filter>
    </ClInclude>
    <ClInclude Include="employee.h">
      <Filter>Source Files</Filter>
    </ClInclude>
    <ClInclude Include="car.h">
      <Filter>Source Files</Filter>
    </ClInclude>
    <ClInclude Include="psi.h">
      <Filter>Source Files</Filter>
    </ClInclude>
    <ClInclude Include="retail.h">
      <Filter>Source Files</Filter>
    </ClInclude>
    <ClInclude Include="inventory.h">
      <Filter>Source Files</Filter>
    </ClInclude>
    <ClInclude Include="circle.h">
      <Filter>Source Files</Filter>
    </ClInclude>
    <ClInclude Include="population.h">
      <Filter>Source Files</Filter>
    </ClInclude>
    <ClInclude Include="numberArray.h">
      <Filter>Source Files</Filter>
    </ClInclude>
    <ClInclude Include="circle2.h">
      <Filter>Source Files</Filter>
    </ClInclude>
    <ClInclude Include="numberArray2.h">
      <Filter>Source Files</Filter>
    </ClInclude>
  </ItemGroup>
</Project>